
Microsoft Visual Studio Solution File, Format Version 12.00
# Visual Studio Express 14 for Windows Desktop
VisualStudioVersion = 14.0.25123.0
MinimumVisualStudioVersion = 10.0.40219.1
Project("{FAE04EC0-301F-11D3-BF4B-00C04F79EFBC}") = "com.game.battleships", "com.game.battleships\com.game.battleships.csproj", "{22909BC1-261E-4E0E-B62F-8CFC56517A57}"
EndProject
Project("{FAE04EC0-301F-11D3-BF4B-00C04F79EFBC}") = "com.game.ConsoleGame", "com.game.ConsoleGame\com.game.ConsoleGame.csproj", "{6CC35D3C-7C26-4500-999C-82BBEAC376A9}"
EndProject
Project("{FAE04EC0-301F-11D3-BF4B-00C04F79EFBC}") = "com.game.tests", "com.game.tests\com.game.tests.csproj", "{A49DA2F9-B01C-46D5-8A84-7DAEBED54C18}"
EndProject
Global
	GlobalSection(SolutionConfigurationPlatforms) = preSolution
		Debug|Any CPU = Debug|Any CPU
		Release|Any CPU = Release|Any CPU
	EndGlobalSection
	GlobalSection(ProjectConfigurationPlatforms) = postSolution
		{22909BC1-261E-4E0E-B62F-8CFC56517A57}.Debug|Any CPU.ActiveCfg = Debug|Any CPU
		{22909BC1-261E-4E0E-B62F-8CFC56517A57}.Debug|Any CPU.Build.0 = Debug|Any CPU
		{22909BC1-261E-4E0E-B62F-8CFC56517A57}.Release|Any CPU.ActiveCfg = Release|Any CPU
		{22909BC1-261E-4E0E-B62F-8CFC56517A57}.Release|Any CPU.Build.0 = Release|Any CPU
		{6CC35D3C-7C26-4500-999C-82BBEAC376A9}.Debug|Any CPU.ActiveCfg = Debug|Any CPU
		{6CC35D3C-7C26-4500-999C-82BBEAC376A9}.Debug|Any CPU.Build.0 = Debug|Any CPU
		{6CC35D3C-7C26-4500-999C-82BBEAC376A9}.Release|Any CPU.ActiveCfg = Release|Any CPU
		{6CC35D3C-7C26-4500-999C-82BBEAC376A9}.Release|Any CPU.Build.0 = Release|Any CPU
		{A49DA2F9-B01C-46D5-8A84-7DAEBED54C18}.Debug|Any CPU.ActiveCfg = Debug|Any CPU
		{A49DA2F9-B01C-46D5-8A84-7DAEBED54C18}.Debug|Any CPU.Build.0 = Debug|Any CPU
		{A49DA2F9-B01C-46D5-8A84-7DAEBED54C18}.Release|Any CPU.ActiveCfg = Release|Any CPU
		{A49DA2F9-B01C-46D5-8A84-7DAEBED54C18}.Release|Any CPU.Build.0 = Release|Any CPU
	EndGlobalSection
	GlobalSection(SolutionProperties) = preSolution
		HideSolutionNode = FALSE
	EndGlobalSection
EndGlobal
